# THIS IS AN AUTOGENERATED FILE. DO NOT EDIT THIS FILE DIRECTLY.
# yarn lockfile v1


"@nestcloud/common@^0.3.17":
  version "0.3.17"
  resolved "https://registry.yarnpkg.com/@nestcloud/common/-/common-0.3.17.tgz#73f78429aaed59b38979ec7e540299ce52dce818"
  integrity sha512-rklzLHu/W5jQCxlYHqkoimWZpVLL2JKtC3YNS2DcTvvTr/1TA/9ToZsJuqkj+uvyCgI6cM0iqGcaVIhaF5qkBw==
  dependencies:
    lodash "^4.17.11"

"@nestcloud/core@^0.2.3":
  version "0.2.4"
  resolved "https://registry.yarnpkg.com/@nestcloud/core/-/core-0.2.4.tgz#4848af409e0ea61df6ba263059e1cfe5900fab52"
  integrity sha512-kDiAblUH4ZQnDzhZLp5oplUIjm+S/N+mVpCfZGj9QN9KDdTERW1gl/CW/aLVmdOIIvf/9cmigoqTMK/4k0uGNg==

"@nestcloud/core@^0.3.17":
  version "0.3.17"
  resolved "https://registry.yarnpkg.com/@nestcloud/core/-/core-0.3.17.tgz#2372aebb1b2cff55c4e68a9feb168f42ec1bdc69"
  integrity sha512-rZkbvrcV5Vst31aOzWJuHBGA0HMtsmD5QMJGbK5LO7NMnM/tdpKwt01h57qQnfhOWWG0wobrfy+KZyNYsI/hgg==

"@nestjs/common@^6.0.4":
  version "6.1.1"
  resolved "https://registry.yarnpkg.com/@nestjs/common/-/common-6.1.1.tgz#6f7f0aa0ff45285f9d2b0a66acde1ebeb0c99060"
  dependencies:
    axios "0.18.0"
    cli-color "1.4.0"
    uuid "3.3.2"

"@nestjs/core@^6.0.4":
  version "6.1.1"
  resolved "https://registry.yarnpkg.com/@nestjs/core/-/core-6.1.1.tgz#10494e8e1a4bcf55059fd114c0934186c2130930"
  dependencies:
    "@nuxtjs/opencollective" "0.2.1"
    fast-safe-stringify "2.0.6"
    iterare "1.1.2"
    object-hash "1.3.1"
    optional "0.1.4"
    uuid "3.3.2"

"@nestjs/microservices@^6.0.4":
  version "6.1.1"
  resolved "https://registry.yarnpkg.com/@nestjs/microservices/-/microservices-6.1.1.tgz#e3ceeeab61d256d4a2d35721489cc443862e3bbf"
  dependencies:
    iterare "1.1.2"
    json-socket "0.3.0"
    optional "0.1.4"

"@nestjs/platform-express@^6.0.4":
  version "6.1.1"
  resolved "https://registry.yarnpkg.com/@nestjs/platform-express/-/platform-express-6.1.1.tgz#4d4d4774a65b14c81646d10da9768f4cb6b922d6"
  dependencies:
    body-parser "1.18.3"
    cors "2.8.5"
    express "4.16.4"
    multer "1.4.1"

"@nestjs/websockets@^6.0.4":
  version "6.1.1"
  resolved "https://registry.yarnpkg.com/@nestjs/websockets/-/websockets-6.1.1.tgz#99202e4ebe1310337926b5b32b264921ae957247"
  dependencies:
    iterare "1.1.2"

"@nuxtjs/opencollective@0.2.1":
  version "0.2.1"
  resolved "https://registry.yarnpkg.com/@nuxtjs/opencollective/-/opencollective-0.2.1.tgz#ddf3e6a22990997322bc2b82e2455a7fbffc518d"
  dependencies:
    chalk "^2.4.1"
    consola "^2.3.0"
    node-fetch "^2.3.0"

"@types/body-parser@*":
  version "1.17.0"
  resolved "https://registry.yarnpkg.com/@types/body-parser/-/body-parser-1.17.0.tgz#9f5c9d9bd04bb54be32d5eb9fc0d8c974e6cf58c"
  dependencies:
    "@types/connect" "*"
    "@types/node" "*"

"@types/connect@*":
  version "3.4.32"
  resolved "https://registry.yarnpkg.com/@types/connect/-/connect-3.4.32.tgz#aa0e9616b9435ccad02bc52b5b454ffc2c70ba28"
  dependencies:
    "@types/node" "*"

"@types/express-serve-static-core@*":
  version "4.16.2"
  resolved "https://registry.yarnpkg.com/@types/express-serve-static-core/-/express-serve-static-core-4.16.2.tgz#5ee8a22e602005be6767df6b2cba9879df3f75aa"
  dependencies:
    "@types/node" "*"
    "@types/range-parser" "*"

"@types/express@4.16.1":
  version "4.16.1"
  resolved "https://registry.yarnpkg.com/@types/express/-/express-4.16.1.tgz#d756bd1a85c34d87eaf44c888bad27ba8a4b7cf0"
  dependencies:
    "@types/body-parser" "*"
    "@types/express-serve-static-core" "*"
    "@types/serve-static" "*"

"@types/json5@^0.0.29":
  version "0.0.29"
  resolved "https://registry.yarnpkg.com/@types/json5/-/json5-0.0.29.tgz#ee28707ae94e11d2b827bcbe5270bcea7f3e71ee"

"@types/mime@*":
  version "2.0.1"
  resolved "https://registry.yarnpkg.com/@types/mime/-/mime-2.0.1.tgz#dc488842312a7f075149312905b5e3c0b054c79d"

"@types/node@*":
  version "11.13.7"
  resolved "https://registry.yarnpkg.com/@types/node/-/node-11.13.7.tgz#85dbb71c510442d00c0631f99dae957ce44fd104"

"@types/node@11.12.0":
  version "11.12.0"
  resolved "https://registry.yarnpkg.com/@types/node/-/node-11.12.0.tgz#ec5594728811dc2797e42396cfcdf786f2052c12"

"@types/range-parser@*":
  version "1.2.3"
  resolved "https://registry.yarnpkg.com/@types/range-parser/-/range-parser-1.2.3.tgz#7ee330ba7caafb98090bece86a5ee44115904c2c"

"@types/serve-static@*":
  version "1.13.2"
  resolved "https://registry.yarnpkg.com/@types/serve-static/-/serve-static-1.13.2.tgz#f5ac4d7a6420a99a6a45af4719f4dcd8cd907a48"
  dependencies:
    "@types/express-serve-static-core" "*"
    "@types/mime" "*"

accepts@~1.3.5:
  version "1.3.5"
  resolved "https://registry.yarnpkg.com/accepts/-/accepts-1.3.5.tgz#eb777df6011723a3b14e8a72c0805c8e86746bd2"
  dependencies:
    mime-types "~2.1.18"
    negotiator "0.6.1"

ansi-regex@^2.1.1:
  version "2.1.1"
  resolved "https://registry.yarnpkg.com/ansi-regex/-/ansi-regex-2.1.1.tgz#c3b33ab5ee360d86e0e628f0468ae7ef27d654df"

ansi-styles@^3.2.1:
  version "3.2.1"
  resolved "https://registry.yarnpkg.com/ansi-styles/-/ansi-styles-3.2.1.tgz#41fbb20243e50b12be0f04b8dedbf07520ce841d"
  dependencies:
    color-convert "^1.9.0"

append-field@^1.0.0:
  version "1.0.0"
  resolved "https://registry.yarnpkg.com/append-field/-/append-field-1.0.0.tgz#1e3440e915f0b1203d23748e78edd7b9b5b43e56"

array-flatten@1.1.1:
  version "1.1.1"
  resolved "https://registry.yarnpkg.com/array-flatten/-/array-flatten-1.1.1.tgz#9a5f699051b1e7073328f2a008968b64ea2955d2"

axios@0.18.0:
  version "0.18.0"
  resolved "https://registry.yarnpkg.com/axios/-/axios-0.18.0.tgz#32d53e4851efdc0a11993b6cd000789d70c05102"
  dependencies:
    follow-redirects "^1.3.0"
    is-buffer "^1.1.5"

balanced-match@^1.0.0:
  version "1.0.0"
  resolved "https://registry.yarnpkg.com/balanced-match/-/balanced-match-1.0.0.tgz#89b4d199ab2bee49de164ea02b89ce462d71b767"

body-parser@1.18.3:
  version "1.18.3"
  resolved "https://registry.yarnpkg.com/body-parser/-/body-parser-1.18.3.tgz#5b292198ffdd553b3a0f20ded0592b956955c8b4"
  dependencies:
    bytes "3.0.0"
    content-type "~1.0.4"
    debug "2.6.9"
    depd "~1.1.2"
    http-errors "~1.6.3"
    iconv-lite "0.4.23"
    on-finished "~2.3.0"
    qs "6.5.2"
    raw-body "2.3.3"
    type-is "~1.6.16"

brace-expansion@^1.1.7:
  version "1.1.11"
  resolved "https://registry.yarnpkg.com/brace-expansion/-/brace-expansion-1.1.11.tgz#3c7fcbf529d87226f3d2f52b966ff5271eb441dd"
  dependencies:
    balanced-match "^1.0.0"
    concat-map "0.0.1"

buffer-from@^1.0.0:
  version "1.1.1"
  resolved "https://registry.yarnpkg.com/buffer-from/-/buffer-from-1.1.1.tgz#32713bc028f75c02fdb710d7c7bcec1f2c6070ef"

busboy@^0.2.11:
  version "0.2.14"
  resolved "https://registry.yarnpkg.com/busboy/-/busboy-0.2.14.tgz#6c2a622efcf47c57bbbe1e2a9c37ad36c7925453"
  dependencies:
    dicer "0.2.5"
    readable-stream "1.1.x"

bytes@3.0.0:
  version "3.0.0"
  resolved "https://registry.yarnpkg.com/bytes/-/bytes-3.0.0.tgz#d32815404d689699f85a4ea4fa8755dd13a96048"

chalk@^2.4.1:
  version "2.4.2"
  resolved "https://registry.yarnpkg.com/chalk/-/chalk-2.4.2.tgz#cd42541677a54333cf541a49108c1432b44c9424"
  dependencies:
    ansi-styles "^3.2.1"
    escape-string-regexp "^1.0.5"
    supports-color "^5.3.0"

cli-color@1.4.0:
  version "1.4.0"
  resolved "https://registry.yarnpkg.com/cli-color/-/cli-color-1.4.0.tgz#7d10738f48526824f8fe7da51857cb0f572fe01f"
  dependencies:
    ansi-regex "^2.1.1"
    d "1"
    es5-ext "^0.10.46"
    es6-iterator "^2.0.3"
    memoizee "^0.4.14"
    timers-ext "^0.1.5"

color-convert@^1.9.0:
  version "1.9.3"
  resolved "https://registry.yarnpkg.com/color-convert/-/color-convert-1.9.3.tgz#bb71850690e1f136567de629d2d5471deda4c1e8"
  dependencies:
    color-name "1.1.3"

color-name@1.1.3:
  version "1.1.3"
  resolved "https://registry.yarnpkg.com/color-name/-/color-name-1.1.3.tgz#a7d0558bd89c42f795dd42328f740831ca53bc25"

concat-map@0.0.1:
  version "0.0.1"
  resolved "https://registry.yarnpkg.com/concat-map/-/concat-map-0.0.1.tgz#d8a96bd77fd68df7793a73036a3ba0d5405d477b"

concat-stream@^1.5.2:
  version "1.6.2"
  resolved "https://registry.yarnpkg.com/concat-stream/-/concat-stream-1.6.2.tgz#904bdf194cd3122fc675c77fc4ac3d4ff0fd1a34"
  dependencies:
    buffer-from "^1.0.0"
    inherits "^2.0.3"
    readable-stream "^2.2.2"
    typedarray "^0.0.6"

consola@^2.3.0:
  version "2.6.0"
  resolved "https://registry.yarnpkg.com/consola/-/consola-2.6.0.tgz#ddf4e2a4361f67c120aa8bb41a0bd3cdbb58636e"

content-disposition@0.5.2:
  version "0.5.2"
  resolved "https://registry.yarnpkg.com/content-disposition/-/content-disposition-0.5.2.tgz#0cf68bb9ddf5f2be7961c3a85178cb85dba78cb4"

content-type@~1.0.4:
  version "1.0.4"
  resolved "https://registry.yarnpkg.com/content-type/-/content-type-1.0.4.tgz#e138cc75e040c727b1966fe5e5f8c9aee256fe3b"

cookie-signature@1.0.6:
  version "1.0.6"
  resolved "https://registry.yarnpkg.com/cookie-signature/-/cookie-signature-1.0.6.tgz#e303a882b342cc3ee8ca513a79999734dab3ae2c"

cookie@0.3.1:
  version "0.3.1"
  resolved "https://registry.yarnpkg.com/cookie/-/cookie-0.3.1.tgz#e7e0a1f9ef43b4c8ba925c5c5a96e806d16873bb"

core-util-is@~1.0.0:
  version "1.0.2"
  resolved "https://registry.yarnpkg.com/core-util-is/-/core-util-is-1.0.2.tgz#b5fd54220aa2bc5ab57aab7140c940754503c1a7"

cors@2.8.5:
  version "2.8.5"
  resolved "https://registry.yarnpkg.com/cors/-/cors-2.8.5.tgz#eac11da51592dd86b9f06f6e7ac293b3df875d29"
  dependencies:
    object-assign "^4"
    vary "^1"

cron-parser@^2.7.3:
  version "2.11.0"
  resolved "https://registry.yarnpkg.com/cron-parser/-/cron-parser-2.11.0.tgz#c3bf477e01de6a56938d6625b92efd6cec30a8a5"
  dependencies:
    is-nan "^1.2.1"
    moment-timezone "^0.5.23"

d@1:
  version "1.0.0"
  resolved "https://registry.yarnpkg.com/d/-/d-1.0.0.tgz#754bb5bfe55451da69a58b94d45f4c5b0462d58f"
  dependencies:
    es5-ext "^0.10.9"

debug@2.6.9:
  version "2.6.9"
  resolved "https://registry.yarnpkg.com/debug/-/debug-2.6.9.tgz#5d128515df134ff327e90a4c93f4e077a536341f"
  dependencies:
    ms "2.0.0"

debug@^3.2.6:
  version "3.2.6"
  resolved "https://registry.yarnpkg.com/debug/-/debug-3.2.6.tgz#e83d17de16d8a7efb7717edbe5fb10135eee629b"
  dependencies:
    ms "^2.1.1"

deepmerge@^2.0.1:
  version "2.2.1"
  resolved "https://registry.yarnpkg.com/deepmerge/-/deepmerge-2.2.1.tgz#5d3ff22a01c00f645405a2fbc17d0778a1801170"

define-properties@^1.1.1:
  version "1.1.3"
  resolved "https://registry.yarnpkg.com/define-properties/-/define-properties-1.1.3.tgz#cf88da6cbee26fe6db7094f61d870cbd84cee9f1"
  dependencies:
    object-keys "^1.0.12"

depd@~1.1.2:
  version "1.1.2"
  resolved "https://registry.yarnpkg.com/depd/-/depd-1.1.2.tgz#9bcd52e14c097763e749b274c4346ed2e560b5a9"

destroy@~1.0.4:
  version "1.0.4"
  resolved "https://registry.yarnpkg.com/destroy/-/destroy-1.0.4.tgz#978857442c44749e4206613e37946205826abd80"

dicer@0.2.5:
  version "0.2.5"
  resolved "https://registry.yarnpkg.com/dicer/-/dicer-0.2.5.tgz#5996c086bb33218c812c090bddc09cd12facb70f"
  dependencies:
    readable-stream "1.1.x"
    streamsearch "0.1.2"

ee-first@1.1.1:
  version "1.1.1"
  resolved "https://registry.yarnpkg.com/ee-first/-/ee-first-1.1.1.tgz#590c61156b0ae2f4f0255732a158b266bc56b21d"

encodeurl@~1.0.2:
  version "1.0.2"
  resolved "https://registry.yarnpkg.com/encodeurl/-/encodeurl-1.0.2.tgz#ad3ff4c86ec2d029322f5a02c3a9a606c95b3f59"

es5-ext@^0.10.14, es5-ext@^0.10.35, es5-ext@^0.10.45, es5-ext@^0.10.46, es5-ext@^0.10.9, es5-ext@~0.10.14, es5-ext@~0.10.2, es5-ext@~0.10.46:
  version "0.10.49"
  resolved "https://registry.yarnpkg.com/es5-ext/-/es5-ext-0.10.49.tgz#059a239de862c94494fec28f8150c977028c6c5e"
  dependencies:
    es6-iterator "~2.0.3"
    es6-symbol "~3.1.1"
    next-tick "^1.0.0"

es6-iterator@^2.0.1, es6-iterator@^2.0.3, es6-iterator@~2.0.3:
  version "2.0.3"
  resolved "https://registry.yarnpkg.com/es6-iterator/-/es6-iterator-2.0.3.tgz#a7de889141a05a94b0854403b2d0a0fbfa98f3b7"
  dependencies:
    d "1"
    es5-ext "^0.10.35"
    es6-symbol "^3.1.1"

es6-symbol@^3.1.1, es6-symbol@~3.1.1:
  version "3.1.1"
  resolved "https://registry.yarnpkg.com/es6-symbol/-/es6-symbol-3.1.1.tgz#bf00ef4fdab6ba1b46ecb7b629b4c7ed5715cc77"
  dependencies:
    d "1"
    es5-ext "~0.10.14"

es6-weak-map@^2.0.2:
  version "2.0.2"
  resolved "https://registry.yarnpkg.com/es6-weak-map/-/es6-weak-map-2.0.2.tgz#5e3ab32251ffd1538a1f8e5ffa1357772f92d96f"
  dependencies:
    d "1"
    es5-ext "^0.10.14"
    es6-iterator "^2.0.1"
    es6-symbol "^3.1.1"

escape-html@~1.0.3:
  version "1.0.3"
  resolved "https://registry.yarnpkg.com/escape-html/-/escape-html-1.0.3.tgz#0258eae4d3d0c0974de1c169188ef0051d1d1988"

escape-string-regexp@^1.0.5:
  version "1.0.5"
  resolved "https://registry.yarnpkg.com/escape-string-regexp/-/escape-string-regexp-1.0.5.tgz#1b61c0562190a8dff6ae3bb2cf0200ca130b86d4"

etag@~1.8.1:
  version "1.8.1"
  resolved "https://registry.yarnpkg.com/etag/-/etag-1.8.1.tgz#41ae2eeb65efa62268aebfea83ac7d79299b0887"

event-emitter@^0.3.5:
  version "0.3.5"
  resolved "https://registry.yarnpkg.com/event-emitter/-/event-emitter-0.3.5.tgz#df8c69eef1647923c7157b9ce83840610b02cc39"
  dependencies:
    d "1"
    es5-ext "~0.10.14"

express@4.16.4:
  version "4.16.4"
  resolved "https://registry.yarnpkg.com/express/-/express-4.16.4.tgz#fddef61926109e24c515ea97fd2f1bdbf62df12e"
  dependencies:
    accepts "~1.3.5"
    array-flatten "1.1.1"
    body-parser "1.18.3"
    content-disposition "0.5.2"
    content-type "~1.0.4"
    cookie "0.3.1"
    cookie-signature "1.0.6"
    debug "2.6.9"
    depd "~1.1.2"
    encodeurl "~1.0.2"
    escape-html "~1.0.3"
    etag "~1.8.1"
    finalhandler "1.1.1"
    fresh "0.5.2"
    merge-descriptors "1.0.1"
    methods "~1.1.2"
    on-finished "~2.3.0"
    parseurl "~1.3.2"
    path-to-regexp "0.1.7"
    proxy-addr "~2.0.4"
    qs "6.5.2"
    range-parser "~1.2.0"
    safe-buffer "5.1.2"
    send "0.16.2"
    serve-static "1.13.2"
    setprototypeof "1.1.0"
    statuses "~1.4.0"
    type-is "~1.6.16"
    utils-merge "1.0.1"
    vary "~1.1.2"

fast-safe-stringify@2.0.6:
  version "2.0.6"
  resolved "https://registry.yarnpkg.com/fast-safe-stringify/-/fast-safe-stringify-2.0.6.tgz#04b26106cc56681f51a044cfc0d76cf0008ac2c2"

finalhandler@1.1.1:
  version "1.1.1"
  resolved "https://registry.yarnpkg.com/finalhandler/-/finalhandler-1.1.1.tgz#eebf4ed840079c83f4249038c9d703008301b105"
  dependencies:
    debug "2.6.9"
    encodeurl "~1.0.2"
    escape-html "~1.0.3"
    on-finished "~2.3.0"
    parseurl "~1.3.2"
    statuses "~1.4.0"
    unpipe "~1.0.0"

follow-redirects@^1.3.0:
  version "1.7.0"
  resolved "https://registry.yarnpkg.com/follow-redirects/-/follow-redirects-1.7.0.tgz#489ebc198dc0e7f64167bd23b03c4c19b5784c76"
  dependencies:
    debug "^3.2.6"

forwarded@~0.1.2:
  version "0.1.2"
  resolved "https://registry.yarnpkg.com/forwarded/-/forwarded-0.1.2.tgz#98c23dab1175657b8c0573e8ceccd91b0ff18c84"

fresh@0.5.2:
  version "0.5.2"
  resolved "https://registry.yarnpkg.com/fresh/-/fresh-0.5.2.tgz#3d8cadd90d976569fa835ab1f8e4b23a105605a7"

fs.realpath@^1.0.0:
  version "1.0.0"
  resolved "https://registry.yarnpkg.com/fs.realpath/-/fs.realpath-1.0.0.tgz#1504ad2523158caa40db4a2787cb01411994ea4f"

glob@^7.1.3:
  version "7.1.3"
  resolved "https://registry.yarnpkg.com/glob/-/glob-7.1.3.tgz#3960832d3f1574108342dafd3a67b332c0969df1"
  dependencies:
    fs.realpath "^1.0.0"
    inflight "^1.0.4"
    inherits "2"
    minimatch "^3.0.4"
    once "^1.3.0"
    path-is-absolute "^1.0.0"

has-flag@^3.0.0:
  version "3.0.0"
  resolved "https://registry.yarnpkg.com/has-flag/-/has-flag-3.0.0.tgz#b5d454dc2199ae225699f3467e5a07f3b955bafd"

http-errors@1.6.3, http-errors@~1.6.2, http-errors@~1.6.3:
  version "1.6.3"
  resolved "https://registry.yarnpkg.com/http-errors/-/http-errors-1.6.3.tgz#8b55680bb4be283a0b5bf4ea2e38580be1d9320d"
  dependencies:
    depd "~1.1.2"
    inherits "2.0.3"
    setprototypeof "1.1.0"
    statuses ">= 1.4.0 < 2"

iconv-lite@0.4.23:
  version "0.4.23"
  resolved "https://registry.yarnpkg.com/iconv-lite/-/iconv-lite-0.4.23.tgz#297871f63be507adcfbfca715d0cd0eed84e9a63"
  dependencies:
    safer-buffer ">= 2.1.2 < 3"

inflight@^1.0.4:
  version "1.0.6"
  resolved "https://registry.yarnpkg.com/inflight/-/inflight-1.0.6.tgz#49bd6331d7d02d0c09bc910a1075ba8165b56df9"
  dependencies:
    once "^1.3.0"
    wrappy "1"

inherits@2, inherits@2.0.3, inherits@^2.0.3, inherits@~2.0.1, inherits@~2.0.3:
  version "2.0.3"
  resolved "https://registry.yarnpkg.com/inherits/-/inherits-2.0.3.tgz#633c2c83e3da42a502f52466022480f4208261de"

ipaddr.js@1.9.0:
  version "1.9.0"
  resolved "https://registry.yarnpkg.com/ipaddr.js/-/ipaddr.js-1.9.0.tgz#37df74e430a0e47550fe54a2defe30d8acd95f65"

is-buffer@^1.1.5:
  version "1.1.6"
  resolved "https://registry.yarnpkg.com/is-buffer/-/is-buffer-1.1.6.tgz#efaa2ea9daa0d7ab2ea13a97b2b8ad51fefbe8be"

is-nan@^1.2.1:
  version "1.2.1"
  resolved "https://registry.yarnpkg.com/is-nan/-/is-nan-1.2.1.tgz#9faf65b6fb6db24b7f5c0628475ea71f988401e2"
  dependencies:
    define-properties "^1.1.1"

is-promise@^2.1:
  version "2.1.0"
  resolved "https://registry.yarnpkg.com/is-promise/-/is-promise-2.1.0.tgz#79a2a9ece7f096e80f36d2b2f3bc16c1ff4bf3fa"

isarray@0.0.1:
  version "0.0.1"
  resolved "https://registry.yarnpkg.com/isarray/-/isarray-0.0.1.tgz#8a18acfca9a8f4177e09abfc6038939b05d1eedf"

isarray@~1.0.0:
  version "1.0.0"
  resolved "https://registry.yarnpkg.com/isarray/-/isarray-1.0.0.tgz#bb935d48582cba168c06834957a54a3e07124f11"

iterare@1.1.2:
  version "1.1.2"
  resolved "https://registry.yarnpkg.com/iterare/-/iterare-1.1.2.tgz#32e65fe03c72f727b1ae5fd002ed6a215f523ae8"

json-socket@0.3.0:
  version "0.3.0"
  resolved "https://registry.yarnpkg.com/json-socket/-/json-socket-0.3.0.tgz#f4b953c685bb8e8bd0b72438f5208d9a0799ae07"

json5@^1.0.1:
  version "1.0.1"
  resolved "https://registry.yarnpkg.com/json5/-/json5-1.0.1.tgz#779fb0018604fa854eacbf6252180d83543e3dbe"
  dependencies:
    minimist "^1.2.0"

lodash@^4.17.11:
  version "4.17.14"
  resolved "https://registry.yarnpkg.com/lodash/-/lodash-4.17.14.tgz#9ce487ae66c96254fe20b599f21b6816028078ba"
  integrity sha512-mmKYbW3GLuJeX+iGP+Y7Gp1AiGHGbXHCOh/jZmrawMmsE7MS4znI3RL2FsjbqOyMayHInjOeykW7PEajUk1/xw==

long-timeout@0.1.1:
  version "0.1.1"
  resolved "https://registry.yarnpkg.com/long-timeout/-/long-timeout-0.1.1.tgz#9721d788b47e0bcb5a24c2e2bee1a0da55dab514"

lru-queue@0.1:
  version "0.1.0"
  resolved "https://registry.yarnpkg.com/lru-queue/-/lru-queue-0.1.0.tgz#2738bd9f0d3cf4f84490c5736c48699ac632cda3"
  dependencies:
    es5-ext "~0.10.2"

media-typer@0.3.0:
  version "0.3.0"
  resolved "https://registry.yarnpkg.com/media-typer/-/media-typer-0.3.0.tgz#8710d7af0aa626f8fffa1ce00168545263255748"

memoizee@^0.4.14:
  version "0.4.14"
  resolved "https://registry.yarnpkg.com/memoizee/-/memoizee-0.4.14.tgz#07a00f204699f9a95c2d9e77218271c7cd610d57"
  dependencies:
    d "1"
    es5-ext "^0.10.45"
    es6-weak-map "^2.0.2"
    event-emitter "^0.3.5"
    is-promise "^2.1"
    lru-queue "0.1"
    next-tick "1"
    timers-ext "^0.1.5"

merge-descriptors@1.0.1:
  version "1.0.1"
  resolved "https://registry.yarnpkg.com/merge-descriptors/-/merge-descriptors-1.0.1.tgz#b00aaa556dd8b44568150ec9d1b953f3f90cbb61"

methods@~1.1.2:
  version "1.1.2"
  resolved "https://registry.yarnpkg.com/methods/-/methods-1.1.2.tgz#5529a4d67654134edcc5266656835b0f851afcee"

mime-db@1.40.0:
  version "1.40.0"
  resolved "https://registry.yarnpkg.com/mime-db/-/mime-db-1.40.0.tgz#a65057e998db090f732a68f6c276d387d4126c32"

mime-types@~2.1.18:
  version "2.1.24"
  resolved "https://registry.yarnpkg.com/mime-types/-/mime-types-2.1.24.tgz#b6f8d0b3e951efb77dedeca194cff6d16f676f81"
  dependencies:
    mime-db "1.40.0"

mime@1.4.1:
  version "1.4.1"
  resolved "https://registry.yarnpkg.com/mime/-/mime-1.4.1.tgz#121f9ebc49e3766f311a76e1fa1c8003c4b03aa6"

minimatch@^3.0.4:
  version "3.0.4"
  resolved "https://registry.yarnpkg.com/minimatch/-/minimatch-3.0.4.tgz#5166e286457f03306064be5497e8dbb0c3d32083"
  dependencies:
    brace-expansion "^1.1.7"

minimist@0.0.8:
  version "0.0.8"
  resolved "https://registry.yarnpkg.com/minimist/-/minimist-0.0.8.tgz#857fcabfc3397d2625b8228262e86aa7a011b05d"

minimist@^1.2.0:
  version "1.2.0"
  resolved "https://registry.yarnpkg.com/minimist/-/minimist-1.2.0.tgz#a35008b20f41383eec1fb914f4cd5df79a264284"

mkdirp@^0.5.1:
  version "0.5.1"
  resolved "https://registry.yarnpkg.com/mkdirp/-/mkdirp-0.5.1.tgz#30057438eac6cf7f8c4767f38648d6697d75c903"
  dependencies:
    minimist "0.0.8"

moment-timezone@^0.5.23:
  version "0.5.25"
  resolved "https://registry.yarnpkg.com/moment-timezone/-/moment-timezone-0.5.25.tgz#a11bfa2f74e088327f2cd4c08b3e7bdf55957810"
  dependencies:
    moment ">= 2.9.0"

"moment@>= 2.9.0":
  version "2.24.0"
  resolved "https://registry.yarnpkg.com/moment/-/moment-2.24.0.tgz#0d055d53f5052aa653c9f6eb68bb5d12bf5c2b5b"

ms@2.0.0:
  version "2.0.0"
  resolved "https://registry.yarnpkg.com/ms/-/ms-2.0.0.tgz#5608aeadfc00be6c2901df5f9861788de0d597c8"

ms@^2.1.1:
  version "2.1.1"
  resolved "https://registry.yarnpkg.com/ms/-/ms-2.1.1.tgz#30a5864eb3ebb0a66f2ebe6d727af06a09d86e0a"

multer@1.4.1:
  version "1.4.1"
  resolved "https://registry.yarnpkg.com/multer/-/multer-1.4.1.tgz#24b12a416a22fec2ade810539184bf138720159e"
  dependencies:
    append-field "^1.0.0"
    busboy "^0.2.11"
    concat-stream "^1.5.2"
    mkdirp "^0.5.1"
    object-assign "^4.1.1"
    on-finished "^2.3.0"
    type-is "^1.6.4"
    xtend "^4.0.0"

negotiator@0.6.1:
  version "0.6.1"
  resolved "https://registry.yarnpkg.com/negotiator/-/negotiator-0.6.1.tgz#2b327184e8992101177b28563fb5e7102acd0ca9"

nest-schedule@^0.6.2:
  version "0.6.2"
  resolved "https://registry.yarnpkg.com/nest-schedule/-/nest-schedule-0.6.2.tgz#c992a6db10affc2bab91e1e805ca38dd8b9ad385"
  integrity sha512-9R8+M6ZB2/pkhxq3GOwpj/MAGGDQGPJ1ZUq5kT8AeFicKKDf/8+I9T6DgDtwzYUlzvCzz+j+TzHZ/UlFdP/UiQ==
  dependencies:
    node-schedule "^1.3.0"
    reflect-metadata "^0.1.12"
  optionalDependencies:
    "@nestcloud/core" "^0.2.3"

next-tick@1, next-tick@^1.0.0:
  version "1.0.0"
  resolved "https://registry.yarnpkg.com/next-tick/-/next-tick-1.0.0.tgz#ca86d1fe8828169b0120208e3dc8424b9db8342c"

node-fetch@^2.3.0:
  version "2.6.1"
  resolved "https://registry.yarnpkg.com/node-fetch/-/node-fetch-2.6.1.tgz#045bd323631f76ed2e2b55573394416b639a0052"
  integrity sha512-V4aYg89jEoVRxRb2fJdAg8FHvI7cEyYdVAh94HH0UIK8oJxUfkjlDQN9RbMx+bEjP7+ggMiFRprSti032Oipxw==

node-schedule@^1.3.0:
  version "1.3.2"
  resolved "https://registry.yarnpkg.com/node-schedule/-/node-schedule-1.3.2.tgz#d774b383e2a6f6ade59eecc62254aea07cd758cb"
  dependencies:
    cron-parser "^2.7.3"
    long-timeout "0.1.1"
    sorted-array-functions "^1.0.0"

object-assign@^4, object-assign@^4.1.1:
  version "4.1.1"
  resolved "https://registry.yarnpkg.com/object-assign/-/object-assign-4.1.1.tgz#2109adc7965887cfc05cbbd442cac8bfbb360863"

object-hash@1.3.1:
  version "1.3.1"
  resolved "https://registry.yarnpkg.com/object-hash/-/object-hash-1.3.1.tgz#fde452098a951cb145f039bb7d455449ddc126df"

object-keys@^1.0.12:
  version "1.1.1"
  resolved "https://registry.yarnpkg.com/object-keys/-/object-keys-1.1.1.tgz#1c47f272df277f3b1daf061677d9c82e2322c60e"

on-finished@^2.3.0, on-finished@~2.3.0:
  version "2.3.0"
  resolved "https://registry.yarnpkg.com/on-finished/-/on-finished-2.3.0.tgz#20f1336481b083cd75337992a16971aa2d906947"
  dependencies:
    ee-first "1.1.1"

once@^1.3.0:
  version "1.4.0"
  resolved "https://registry.yarnpkg.com/once/-/once-1.4.0.tgz#583b1aa775961d4b113ac17d9c50baef9dd76bd1"
  dependencies:
    wrappy "1"

optional@0.1.4:
  version "0.1.4"
  resolved "https://registry.yarnpkg.com/optional/-/optional-0.1.4.tgz#cdb1a9bedc737d2025f690ceeb50e049444fd5b3"

parseurl@~1.3.2:
  version "1.3.3"
  resolved "https://registry.yarnpkg.com/parseurl/-/parseurl-1.3.3.tgz#9da19e7bee8d12dff0513ed5b76957793bc2e8d4"

path-is-absolute@^1.0.0:
  version "1.0.1"
  resolved "https://registry.yarnpkg.com/path-is-absolute/-/path-is-absolute-1.0.1.tgz#174b9268735534ffbc7ace6bf53a5a9e1b5c5f5f"

path-to-regexp@0.1.7:
  version "0.1.7"
  resolved "https://registry.yarnpkg.com/path-to-regexp/-/path-to-regexp-0.1.7.tgz#df604178005f522f15eb4490e7247a1bfaa67f8c"

process-nextick-args@~2.0.0:
  version "2.0.0"
  resolved "https://registry.yarnpkg.com/process-nextick-args/-/process-nextick-args-2.0.0.tgz#a37d732f4271b4ab1ad070d35508e8290788ffaa"

proxy-addr@~2.0.4:
  version "2.0.5"
  resolved "https://registry.yarnpkg.com/proxy-addr/-/proxy-addr-2.0.5.tgz#34cbd64a2d81f4b1fd21e76f9f06c8a45299ee34"
  dependencies:
    forwarded "~0.1.2"
    ipaddr.js "1.9.0"

qs@6.5.2:
  version "6.5.2"
  resolved "https://registry.yarnpkg.com/qs/-/qs-6.5.2.tgz#cb3ae806e8740444584ef154ce8ee98d403f3e36"

range-parser@~1.2.0:
  version "1.2.0"
  resolved "https://registry.yarnpkg.com/range-parser/-/range-parser-1.2.0.tgz#f49be6b487894ddc40dcc94a322f611092e00d5e"

raw-body@2.3.3:
  version "2.3.3"
  resolved "https://registry.yarnpkg.com/raw-body/-/raw-body-2.3.3.tgz#1b324ece6b5706e153855bc1148c65bb7f6ea0c3"
  dependencies:
    bytes "3.0.0"
    http-errors "1.6.3"
    iconv-lite "0.4.23"
    unpipe "1.0.0"

readable-stream@1.1.x:
  version "1.1.14"
  resolved "https://registry.yarnpkg.com/readable-stream/-/readable-stream-1.1.14.tgz#7cf4c54ef648e3813084c636dd2079e166c081d9"
  dependencies:
    core-util-is "~1.0.0"
    inherits "~2.0.1"
    isarray "0.0.1"
    string_decoder "~0.10.x"

readable-stream@^2.2.2:
  version "2.3.6"
  resolved "https://registry.yarnpkg.com/readable-stream/-/readable-stream-2.3.6.tgz#b11c27d88b8ff1fbe070643cf94b0c79ae1b0aaf"
  dependencies:
    core-util-is "~1.0.0"
    inherits "~2.0.3"
    isarray "~1.0.0"
    process-nextick-args "~2.0.0"
    safe-buffer "~5.1.1"
    string_decoder "~1.1.1"
    util-deprecate "~1.0.1"

reflect-metadata@0.1.13, reflect-metadata@^0.1.12:
  version "0.1.13"
  resolved "https://registry.yarnpkg.com/reflect-metadata/-/reflect-metadata-0.1.13.tgz#67ae3ca57c972a2aa1642b10fe363fe32d49dc08"

rimraf@2.6.3:
  version "2.6.3"
  resolved "https://registry.yarnpkg.com/rimraf/-/rimraf-2.6.3.tgz#b2d104fe0d8fb27cf9e0a1cda8262dd3833c6cab"
  dependencies:
    glob "^7.1.3"

rxjs@6.4.0:
  version "6.4.0"
  resolved "https://registry.yarnpkg.com/rxjs/-/rxjs-6.4.0.tgz#f3bb0fe7bda7fb69deac0c16f17b50b0b8790504"
  dependencies:
    tslib "^1.9.0"

safe-buffer@5.1.2, safe-buffer@~5.1.0, safe-buffer@~5.1.1:
  version "5.1.2"
  resolved "https://registry.yarnpkg.com/safe-buffer/-/safe-buffer-5.1.2.tgz#991ec69d296e0313747d59bdfd2b745c35f8828d"

"safer-buffer@>= 2.1.2 < 3":
  version "2.1.2"
  resolved "https://registry.yarnpkg.com/safer-buffer/-/safer-buffer-2.1.2.tgz#44fa161b0187b9549dd84bb91802f9bd8385cd6a"

send@0.16.2:
  version "0.16.2"
  resolved "https://registry.yarnpkg.com/send/-/send-0.16.2.tgz#6ecca1e0f8c156d141597559848df64730a6bbc1"
  dependencies:
    debug "2.6.9"
    depd "~1.1.2"
    destroy "~1.0.4"
    encodeurl "~1.0.2"
    escape-html "~1.0.3"
    etag "~1.8.1"
    fresh "0.5.2"
    http-errors "~1.6.2"
    mime "1.4.1"
    ms "2.0.0"
    on-finished "~2.3.0"
    range-parser "~1.2.0"
    statuses "~1.4.0"

serve-static@1.13.2:
  version "1.13.2"
  resolved "https://registry.yarnpkg.com/serve-static/-/serve-static-1.13.2.tgz#095e8472fd5b46237db50ce486a43f4b86c6cec1"
  dependencies:
    encodeurl "~1.0.2"
    escape-html "~1.0.3"
    parseurl "~1.3.2"
    send "0.16.2"

setprototypeof@1.1.0:
  version "1.1.0"
  resolved "https://registry.yarnpkg.com/setprototypeof/-/setprototypeof-1.1.0.tgz#d0bd85536887b6fe7c0d818cb962d9d91c54e656"

sorted-array-functions@^1.0.0:
  version "1.2.0"
  resolved "https://registry.yarnpkg.com/sorted-array-functions/-/sorted-array-functions-1.2.0.tgz#43265b21d6e985b7df31621b1c11cc68d8efc7c3"

"statuses@>= 1.4.0 < 2":
  version "1.5.0"
  resolved "https://registry.yarnpkg.com/statuses/-/statuses-1.5.0.tgz#161c7dac177659fd9811f43771fa99381478628c"

statuses@~1.4.0:
  version "1.4.0"
  resolved "https://registry.yarnpkg.com/statuses/-/statuses-1.4.0.tgz#bb73d446da2796106efcc1b601a253d6c46bd087"

streamsearch@0.1.2:
  version "0.1.2"
  resolved "https://registry.yarnpkg.com/streamsearch/-/streamsearch-0.1.2.tgz#808b9d0e56fc273d809ba57338e929919a1a9f1a"

string_decoder@~0.10.x:
  version "0.10.31"
  resolved "https://registry.yarnpkg.com/string_decoder/-/string_decoder-0.10.31.tgz#62e203bc41766c6c28c9fc84301dab1c5310fa94"

string_decoder@~1.1.1:
  version "1.1.1"
  resolved "https://registry.yarnpkg.com/string_decoder/-/string_decoder-1.1.1.tgz#9cf1611ba62685d7030ae9e4ba34149c3af03fc8"
  dependencies:
    safe-buffer "~5.1.0"

strip-bom@^3.0.0:
  version "3.0.0"
  resolved "https://registry.yarnpkg.com/strip-bom/-/strip-bom-3.0.0.tgz#2334c18e9c759f7bdd56fdef7e9ae3d588e68ed3"

supports-color@^5.3.0:
  version "5.5.0"
  resolved "https://registry.yarnpkg.com/supports-color/-/supports-color-5.5.0.tgz#e2e69a44ac8772f78a1ec0b35b689df6530efc8f"
  dependencies:
    has-flag "^3.0.0"

timers-ext@^0.1.5:
  version "0.1.7"
  resolved "https://registry.yarnpkg.com/timers-ext/-/timers-ext-0.1.7.tgz#6f57ad8578e07a3fb9f91d9387d65647555e25c6"
  dependencies:
    es5-ext "~0.10.46"
    next-tick "1"

tsconfig-paths@3.8.0:
  version "3.8.0"
  resolved "https://registry.yarnpkg.com/tsconfig-paths/-/tsconfig-paths-3.8.0.tgz#4e34202d5b41958f269cf56b01ed95b853d59f72"
  dependencies:
    "@types/json5" "^0.0.29"
    deepmerge "^2.0.1"
    json5 "^1.0.1"
    minimist "^1.2.0"
    strip-bom "^3.0.0"

tslib@^1.9.0:
  version "1.9.3"
  resolved "https://registry.yarnpkg.com/tslib/-/tslib-1.9.3.tgz#d7e4dd79245d85428c4d7e4822a79917954ca286"

type-is@^1.6.4, type-is@~1.6.16:
  version "1.6.16"
  resolved "https://registry.yarnpkg.com/type-is/-/type-is-1.6.16.tgz#f89ce341541c672b25ee7ae3c73dee3b2be50194"
  dependencies:
    media-typer "0.3.0"
    mime-types "~2.1.18"

typedarray@^0.0.6:
  version "0.0.6"
  resolved "https://registry.yarnpkg.com/typedarray/-/typedarray-0.0.6.tgz#867ac74e3864187b1d3d47d996a78ec5c8830777"

typescript@3.3.4000:
  version "3.3.4000"
  resolved "https://registry.yarnpkg.com/typescript/-/typescript-3.3.4000.tgz#76b0f89cfdbf97827e1112d64f283f1151d6adf0"

unpipe@1.0.0, unpipe@~1.0.0:
  version "1.0.0"
  resolved "https://registry.yarnpkg.com/unpipe/-/unpipe-1.0.0.tgz#b2bf4ee8514aae6165b4817829d21b2ef49904ec"

util-deprecate@~1.0.1:
  version "1.0.2"
  resolved "https://registry.yarnpkg.com/util-deprecate/-/util-deprecate-1.0.2.tgz#450d4dc9fa70de732762fbd2d4a28981419a0ccf"

utils-merge@1.0.1:
  version "1.0.1"
  resolved "https://registry.yarnpkg.com/utils-merge/-/utils-merge-1.0.1.tgz#9f95710f50a267947b2ccc124741c1028427e713"

uuid@3.3.2:
  version "3.3.2"
  resolved "https://registry.yarnpkg.com/uuid/-/uuid-3.3.2.tgz#1b4af4955eb3077c501c23872fc6513811587131"

vary@^1, vary@~1.1.2:
  version "1.1.2"
  resolved "https://registry.yarnpkg.com/vary/-/vary-1.1.2.tgz#2299f02c6ded30d4a5961b0b9f74524a18f634fc"

wrappy@1:
  version "1.0.2"
  resolved "https://registry.yarnpkg.com/wrappy/-/wrappy-1.0.2.tgz#b5243d8f3ec1aa35f1364605bc0d1036e30ab69f"

xtend@^4.0.0:
  version "4.0.1"
  resolved "https://registry.yarnpkg.com/xtend/-/xtend-4.0.1.tgz#a5c6d532be656e23db820efb943a1f04998d63af"
